
Microsoft Visual Studio Solution File, Format Version 12.00
# Visual Studio 15
VisualStudioVersion = 15.0.27130.2027
MinimumVisualStudioVersion = 10.0.40219.1
Project("{FAE04EC0-301F-11D3-BF4B-00C04F79EFBC}") = "CiscoIOS_OSPFParser", "CiscoIOS_OSPFParser.csproj", "{87453085-DC6D-4F39-BE94-455530944BC4}"
EndProject
Global
	GlobalSection(SolutionConfigurationPlatforms) = preSolution
		Debug|Any CPU = Debug|Any CPU
		Release|Any CPU = Release|Any CPU
	EndGlobalSection
	GlobalSection(ProjectConfigurationPlatforms) = postSolution
		{87453085-DC6D-4F39-BE94-455530944BC4}.Debug|Any CPU.ActiveCfg = Debug|Any CPU
		{87453085-DC6D-4F39-BE94-455530944BC4}.Debug|Any CPU.Build.0 = Debug|Any CPU
		{87453085-DC6D-4F39-BE94-455530944BC4}.Release|Any CPU.ActiveCfg = Release|Any CPU
		{87453085-DC6D-4F39-BE94-455530944BC4}.Release|Any CPU.Build.0 = Release|Any CPU
	EndGlobalSection
	GlobalSection(SolutionProperties) = preSolution
		HideSolutionNode = FALSE
	EndGlobalSection
	GlobalSection(ExtensibilityGlobals) = postSolution
		SolutionGuid = {7812925F-BD87-4927-9B0A-6BD05B9F6F7C}
	EndGlobalSection
EndGlobal
