
Microsoft Visual Studio Solution File, Format Version 12.00
# Visual Studio 15
VisualStudioVersion = 15.0.27130.2027
MinimumVisualStudioVersion = 10.0.40219.1
Project("{FAE04EC0-301F-11D3-BF4B-00C04F79EFBC}") = "JunOS", "JunOS.csproj", "{DB4EDF1C-55CA-47CF-B26E-6FEDAEE0092A}"
EndProject
Global
	GlobalSection(SolutionConfigurationPlatforms) = preSolution
		Debug|Any CPU = Debug|Any CPU
		Release|Any CPU = Release|Any CPU
	EndGlobalSection
	GlobalSection(ProjectConfigurationPlatforms) = postSolution
		{DB4EDF1C-55CA-47CF-B26E-6FEDAEE0092A}.Debug|Any CPU.ActiveCfg = Debug|Any CPU
		{DB4EDF1C-55CA-47CF-B26E-6FEDAEE0092A}.Debug|Any CPU.Build.0 = Debug|Any CPU
		{DB4EDF1C-55CA-47CF-B26E-6FEDAEE0092A}.Release|Any CPU.ActiveCfg = Release|Any CPU
		{DB4EDF1C-55CA-47CF-B26E-6FEDAEE0092A}.Release|Any CPU.Build.0 = Release|Any CPU
	EndGlobalSection
	GlobalSection(SolutionProperties) = preSolution
		HideSolutionNode = FALSE
	EndGlobalSection
	GlobalSection(ExtensibilityGlobals) = postSolution
		SolutionGuid = {2F3EE89A-8065-42EC-907F-3D5B063CFA6E}
	EndGlobalSection
EndGlobal
