
Microsoft Visual Studio Solution File, Format Version 12.00
# Visual Studio 15
VisualStudioVersion = 15.0.27130.2027
MinimumVisualStudioVersion = 10.0.40219.1
Project("{FAE04EC0-301F-11D3-BF4B-00C04F79EFBC}") = "CiscoIOS", "CiscoIOS.csproj", "{9AA96C2A-DCEA-4AEC-8169-FAD077B63FC3}"
EndProject
Global
	GlobalSection(SolutionConfigurationPlatforms) = preSolution
		Debug|Any CPU = Debug|Any CPU
		Release|Any CPU = Release|Any CPU
	EndGlobalSection
	GlobalSection(ProjectConfigurationPlatforms) = postSolution
		{9AA96C2A-DCEA-4AEC-8169-FAD077B63FC3}.Debug|Any CPU.ActiveCfg = Debug|Any CPU
		{9AA96C2A-DCEA-4AEC-8169-FAD077B63FC3}.Debug|Any CPU.Build.0 = Debug|Any CPU
		{9AA96C2A-DCEA-4AEC-8169-FAD077B63FC3}.Release|Any CPU.ActiveCfg = Release|Any CPU
		{9AA96C2A-DCEA-4AEC-8169-FAD077B63FC3}.Release|Any CPU.Build.0 = Release|Any CPU
	EndGlobalSection
	GlobalSection(SolutionProperties) = preSolution
		HideSolutionNode = FALSE
	EndGlobalSection
	GlobalSection(ExtensibilityGlobals) = postSolution
		SolutionGuid = {3C153C00-7A98-480A-A8A0-8440C655E4E7}
	EndGlobalSection
EndGlobal
